
Microsoft Visual Studio Solution File, Format Version 12.00
# Visual Studio Version 17
VisualStudioVersion = 17.5.33516.290
MinimumVisualStudioVersion = 10.0.40219.1
Project("{FAE04EC0-301F-11D3-BF4B-00C04F79EFBC}") = "MyDatabase", "MyDatabase\MyDatabase.csproj", "{AEB608A4-A579-4DBD-B4FA-51314C051DFA}"
EndProject
Global
	GlobalSection(SolutionConfigurationPlatforms) = preSolution
		Debug|Any CPU = Debug|Any CPU
		Release|Any CPU = Release|Any CPU
	EndGlobalSection
	GlobalSection(ProjectConfigurationPlatforms) = postSolution
		{AEB608A4-A579-4DBD-B4FA-51314C051DFA}.Debug|Any CPU.ActiveCfg = Debug|Any CPU
		{AEB608A4-A579-4DBD-B4FA-51314C051DFA}.Debug|Any CPU.Build.0 = Debug|Any CPU
		{AEB608A4-A579-4DBD-B4FA-51314C051DFA}.Release|Any CPU.ActiveCfg = Release|Any CPU
		{AEB608A4-A579-4DBD-B4FA-51314C051DFA}.Release|Any CPU.Build.0 = Release|Any CPU
	EndGlobalSection
	GlobalSection(SolutionProperties) = preSolution
		HideSolutionNode = FALSE
	EndGlobalSection
	GlobalSection(ExtensibilityGlobals) = postSolution
		SolutionGuid = {D4192A4F-01BD-42B8-AD86-1D43659FEA08}
	EndGlobalSection
EndGlobal
